# Generated by conda-lock.
# platform: linux-aarch64
# input_hash: 7e641ef77df600e6ae6761038ccc1bac305fcecda55ae92037e7b5aba4c8f89c
@EXPLICIT
https://conda.anaconda.org/conda-forge/noarch/_r-mutex-1.0.1-anacondar_1.tar.bz2#19f9db5f4f1b7f5ef5f6d67207f25f38
https://conda.anaconda.org/conda-forge/noarch/font-ttf-dejavu-sans-mono-2.37-hab24e00_0.tar.bz2#0c96522c6bdaed4b1566d11387caaf45
https://conda.anaconda.org/conda-forge/noarch/font-ttf-inconsolata-3.000-h77eed37_0.tar.bz2#34893075a5c9e55cdafac56607368fc6
https://conda.anaconda.org/conda-forge/noarch/font-ttf-source-code-pro-2.038-h77eed37_0.tar.bz2#4d59c254e01d9cde7957100457e2d5fb
https://conda.anaconda.org/conda-forge/noarch/font-ttf-ubuntu-0.83-h77eed37_3.conda#49023d73832ef61042f6a237cb2687e7
https://conda.anaconda.org/conda-forge/noarch/kernel-headers_linux-aarch64-4.18.0-h05a177a_9.conda#bb3b7cad9005f2cbf9d169fb30263f3e
https://conda.anaconda.org/conda-forge/linux-aarch64/libgomp-15.2.0-h8acb6b2_19.conda#c5e8a379c4a2ec2aea4ba22758c001d9
https://conda.anaconda.org/conda-forge/linux-aarch64/libopentelemetry-cpp-headers-1.27.0-h8af1aa0_0.conda#a3c6d10e216c51c477cd57353c9e36a6
https://conda.anaconda.org/conda-forge/linux-aarch64/libzlib-1.3.2-hdc9db2a_2.conda#502006882cf5461adced436e410046d1
https://conda.anaconda.org/conda-forge/linux-aarch64/nlohmann_json-3.12.0-h7ac5ae9_1.conda#6cbb2594cea5f2cc2907170655852ba9
https://conda.anaconda.org/conda-forge/linux-aarch64/pandoc-3.10-h8af1aa0_0.conda#648f4bde42b8c5d708296ca6106c377d
https://conda.anaconda.org/conda-forge/noarch/python_abi-3.14-8_cp314.conda#0539938c55b6b1a59b560e843ad864a4
https://conda.anaconda.org/conda-forge/noarch/tzdata-2025c-hc9c84f9_1.conda#ad659d0a2b3e47e38d829aa8cad2d610
https://conda.anaconda.org/conda-forge/linux-aarch64/_openmp_mutex-4.5-20_gnu.conda#468fd3bb9e1f671d36c2cbc677e56f1d
https://conda.anaconda.org/conda-forge/noarch/ca-certificates-2026.6.17-hbd8a1cb_0.conda#a9965dd99f683c5f444428f896635716
https://conda.anaconda.org/conda-forge/noarch/fonts-conda-forge-1-hc364b38_1.conda#a7970cd949a077b7cb9696379d338681
https://conda.anaconda.org/conda-forge/noarch/libgcc-devel_linux-aarch64-15.2.0-h55c397f_119.conda#18ad0f0b94071d91fa962a1bf3983a78
https://conda.anaconda.org/conda-forge/noarch/libstdcxx-devel_linux-aarch64-15.2.0-ha7b1723_119.conda#61da34d67f58dd4cf16683f6cdcb06c8
https://conda.anaconda.org/conda-forge/noarch/sysroot_linux-aarch64-2.28-h585391f_9.conda#fdf07ab944a222ff28c754914fdb0740
https://conda.anaconda.org/conda-forge/linux-aarch64/zlib-1.3.2-hdc9db2a_2.conda#493587274c81b34d198b085b46a86eaa
https://conda.anaconda.org/conda-forge/linux-aarch64/zstd-1.5.7-h85ac4a6_6.conda#c3655f82dcea2aa179b291e7099c1fcc
https://conda.anaconda.org/conda-forge/noarch/fonts-conda-ecosystem-1-0.tar.bz2#fee5683a3f04bd15cbd8318b096a27ab
https://conda.anaconda.org/conda-forge/linux-aarch64/ld_impl_linux-aarch64-2.45.1-default_h1979696_102.conda#a21644fc4a83da26452a718dc9468d5f
https://conda.anaconda.org/conda-forge/linux-aarch64/libgcc-15.2.0-h8acb6b2_19.conda#f35b3f52d0a2ec4ffe3c89ba135cdb9a
https://conda.anaconda.org/conda-forge/linux-aarch64/aws-c-common-0.14.0-he30d5cf_0.conda#18a6c06d8874981e1bf97b11bde95d4b
https://conda.anaconda.org/conda-forge/linux-aarch64/binutils_impl_linux-aarch64-2.45.1-default_h5f4c503_102.conda#56a04d796d7e3cdc9f8d2e1278e91bff
https://conda.anaconda.org/conda-forge/linux-aarch64/bzip2-1.0.8-h4777abc_9.conda#840d8fc0d7b3209be93080bc20e07f2d
https://conda.anaconda.org/conda-forge/linux-aarch64/c-ares-1.34.6-he30d5cf_0.conda#1dfbec0d08f112103405756181304c16
https://conda.anaconda.org/conda-forge/linux-aarch64/fribidi-1.0.16-he30d5cf_0.conda#f3ac54914f7d3e1d68cb8d891765e5f9
https://conda.anaconda.org/conda-forge/linux-aarch64/keyutils-1.6.3-h86ecc28_0.conda#e7df0aab10b9cbb73ab2a467ebfaf8c7
https://conda.anaconda.org/conda-forge/linux-aarch64/libbrotlicommon-1.2.0-he30d5cf_1.conda#8ec1d03f3000108899d1799d9964f281
https://conda.anaconda.org/conda-forge/linux-aarch64/libdeflate-1.25-h1af38f5_0.conda#a9138815598fe6b91a1d6782ca657b0c
https://conda.anaconda.org/conda-forge/linux-aarch64/libexpat-2.8.1-hfae3067_1.conda#fac3b65a605cd253037fdf3daf2de8d9
https://conda.anaconda.org/conda-forge/linux-aarch64/libffi-3.5.2-h376a255_0.conda#2f364feefb6a7c00423e80dcb12db62a
https://conda.anaconda.org/conda-forge/linux-aarch64/libgcc-ng-15.2.0-he9431aa_19.conda#770cf892e5530f43e63cadc673e85653
https://conda.anaconda.org/conda-forge/linux-aarch64/libgfortran5-15.2.0-h1b7bec0_19.conda#779dbb494de6d3d6477cab52eb34285a
https://conda.anaconda.org/conda-forge/linux-aarch64/libiconv-1.18-h90929bb_2.conda#5a86bf847b9b926f3a4f203339748d78
https://conda.anaconda.org/conda-forge/linux-aarch64/libjpeg-turbo-3.1.4.1-he30d5cf_0.conda#a85ba48648f6868016f2741fd9170250
https://conda.anaconda.org/conda-forge/linux-aarch64/liblzma-5.8.3-he30d5cf_0.conda#76298a9e6d71ee6e832a8d0d7373b261
https://conda.anaconda.org/conda-forge/linux-aarch64/libmpdec-4.0.0-he30d5cf_1.conda#7b9813e885482e3ccb1fa212b86d7fd0
https://conda.anaconda.org/conda-forge/linux-aarch64/libpng-1.6.58-h1abf092_0.conda#f51503ac45a4888bce71af9027a2ecc9
https://conda.anaconda.org/conda-forge/linux-aarch64/libstdcxx-15.2.0-hef695bb_19.conda#543fbc8d71f2a0baf04cf88ce96cb8bb
https://conda.anaconda.org/conda-forge/linux-aarch64/libutf8proc-2.11.3-hec6f9f7_0.conda#afc02d5958046be06b176058e9d630d7
https://conda.anaconda.org/conda-forge/linux-aarch64/libuuid-2.42.2-h1022ec0_0.conda#58fa42bc4bc71fc329889497ec15effb
https://conda.anaconda.org/conda-forge/linux-aarch64/libuv-1.52.1-h80f16a2_0.conda#ac7bcbd2c77691cd6d1ede8c029e8c8a
https://conda.anaconda.org/conda-forge/linux-aarch64/libwebp-base-1.6.0-ha2e29f5_0.conda#24e92d0942c799db387f5c9d7b81f1af
https://conda.anaconda.org/conda-forge/linux-aarch64/make-4.4.1-h2a6d0cb_2.conda#5983ffb12d09efc45c4a3b74cd890137
https://conda.anaconda.org/conda-forge/linux-aarch64/ncurses-6.6-hf8d1292_0.conda#b2a43456aa56fe80c2477a5094899eff
https://conda.anaconda.org/conda-forge/linux-aarch64/openssl-3.6.3-h546c87b_0.conda#fa6260b3e6eababf6ca85a7eb3336383
https://conda.anaconda.org/conda-forge/linux-aarch64/pthread-stubs-0.4-h86ecc28_1002.conda#bb5a90c93e3bac3d5690acf76b4a6386
https://conda.anaconda.org/conda-forge/linux-aarch64/sed-4.10-he1c5539_0.conda#59f2c90c66b956d9bc3e625df3ad8a0a
https://conda.anaconda.org/conda-forge/linux-aarch64/tk-8.6.13-noxft_h0dc03b3_103.conda#7fc6affb9b01e567d2ef1d05b84aa6ed
https://conda.anaconda.org/conda-forge/linux-aarch64/xorg-libice-1.1.2-h86ecc28_0.conda#c8d8ec3e00cd0fd8a231789b91a7c5b7
https://conda.anaconda.org/conda-forge/linux-aarch64/xorg-libxau-1.0.12-he30d5cf_1.conda#1c246e1105000c3660558459e2fd6d43
https://conda.anaconda.org/conda-forge/linux-aarch64/xorg-libxdmcp-1.1.5-he30d5cf_1.conda#bff06dcde4a707339d66d45d96ceb2e2
https://conda.anaconda.org/conda-forge/linux-aarch64/aws-c-cal-0.9.14-h343fa25_2.conda#74b8d65bdec1ef7da95acde54a1d649b
https://conda.anaconda.org/conda-forge/linux-aarch64/aws-c-compression-0.3.2-h5b0efec_2.conda#4cdf3f4e3f148e7b8c75685d19c373ea
https://conda.anaconda.org/conda-forge/linux-aarch64/aws-c-sdkutils-0.2.5-h5b0efec_0.conda#63d2469f561dbd794d4e73de32f16fb5
https://conda.anaconda.org/conda-forge/linux-aarch64/aws-checksums-0.2.10-h5b0efec_2.conda#1f8e43bb5e4f27d3b1f502b6f928ccdf
https://conda.anaconda.org/conda-forge/linux-aarch64/binutils_linux-aarch64-2.45.1-default_hf1166c9_102.conda#68d0661516aed9cab68d2ad6e287941f
https://conda.anaconda.org/conda-forge/linux-aarch64/bwidget-1.10.1-h8af1aa0_1.conda#585e14e544be02d0baceffecd31c7882
https://conda.anaconda.org/conda-forge/linux-aarch64/gflags-2.2.2-h5ad3122_1005.conda#4ff634d515abbf664774b5e1168a9744
https://conda.anaconda.org/conda-forge/linux-aarch64/graphite2-1.3.15-hfae3067_0.conda#4db044857ab1d09b2e8f0013c65387c1
https://conda.anaconda.org/conda-forge/linux-aarch64/icu-78.3-hcab7f73_0.conda#546da38c2fa9efacf203e2ad3f987c59
https://conda.anaconda.org/conda-forge/linux-aarch64/lerc-4.1.0-h52b7260_0.conda#d13423b06447113a90b5b1366d4da171
https://conda.anaconda.org/conda-forge/linux-aarch64/libabseil-20260107.1-cxx17_h6983b43_0.conda#2a19160c13e688710dd200812fc9a6d3
https://conda.anaconda.org/conda-forge/linux-aarch64/libbrotlidec-1.2.0-he30d5cf_1.conda#47e5b71b77bb8b47b4ecf9659492977f
https://conda.anaconda.org/conda-forge/linux-aarch64/libbrotlienc-1.2.0-he30d5cf_1.conda#6553a5d017fe14859ea8a4e6ea5def8f
https://conda.anaconda.org/conda-forge/linux-aarch64/libedit-3.1.20250104-pl5321h976ea20_0.conda#fb640d776fc92b682a14e001980825b1
https://conda.anaconda.org/conda-forge/linux-aarch64/libev-4.33-h31becfc_2.conda#a9a13cb143bbaa477b1ebaefbe47a302
https://conda.anaconda.org/conda-forge/linux-aarch64/libevent-2.1.12-h4ba1bb4_1.conda#96ae6083cd1ac9f6bc81631ac835b317
https://conda.anaconda.org/conda-forge/linux-aarch64/libfreetype6-2.14.3-hdae7a39_1.conda#426cc33f8745ce11a73baf73db3954a7
https://conda.anaconda.org/conda-forge/linux-aarch64/libgfortran-15.2.0-he9431aa_19.conda#c7a5b5decf969ead5ecada83654164cf
https://conda.anaconda.org/conda-forge/linux-aarch64/libsanitizer-15.2.0-he19c465_19.conda#95210a1edbd7fc6e12afc9f8276f450a
https://conda.anaconda.org/conda-forge/linux-aarch64/libssh2-1.11.1-h18c354c_0.conda#eecc495bcfdd9da8058969656f916cc2
https://conda.anaconda.org/conda-forge/linux-aarch64/libstdcxx-ng-15.2.0-hdbbeba8_19.conda#c82ed61c3ec470c5ec624580e6ba16e4
https://conda.anaconda.org/conda-forge/linux-aarch64/libxcb-1.17.0-h262b8f6_0.conda#cd14ee5cca2464a425b1dbfc24d90db2
https://conda.anaconda.org/conda-forge/linux-aarch64/lz4-c-1.10.0-h5ad3122_1.conda#6654e411da94011e8fbe004eacb8fe11
https://conda.anaconda.org/conda-forge/linux-aarch64/pcre2-10.47-hf841c20_0.conda#1a30c42e32ca0ea216bd0bfe6f842f0b
https://conda.anaconda.org/conda-forge/linux-aarch64/pixman-0.46.4-h7ac5ae9_1.conda#1587081d537bd4ae77d1c0635d465ba5
https://conda.anaconda.org/conda-forge/linux-aarch64/readline-8.3-hb682ff5_0.conda#3d49cad61f829f4f0e0611547a9cda12
https://conda.anaconda.org/conda-forge/linux-aarch64/s2n-1.7.4-h5288e76_1.conda#5a4f2fbdea654d46e98c8922c178ce0b
https://conda.anaconda.org/conda-forge/linux-aarch64/snappy-1.2.2-he774c54_1.conda#3dec912091fb88614afa0af2712c1362
https://conda.anaconda.org/conda-forge/linux-aarch64/xorg-libsm-1.2.6-h0808dbd_0.conda#2d1409c50882819cb1af2de82e2b7208
https://conda.anaconda.org/conda-forge/linux-aarch64/aws-c-io-0.26.3-hacd6ab7_5.conda#6a4abaf2e970323cc7056f4a2f639ca6
https://conda.anaconda.org/conda-forge/linux-aarch64/gcc_impl_linux-aarch64-15.2.0-h3530432_19.conda#66dfb62e7a47e2b511f9c5ee0ff1abf3
https://conda.anaconda.org/conda-forge/linux-aarch64/glog-0.7.1-h468a4a4_0.conda#08940a32c6ced3703d1412dd37df4f62
https://conda.anaconda.org/conda-forge/linux-aarch64/krb5-1.22.2-h2fb54aa_1.conda#5fd2304064ef6199d1f91ec60ee7b820
https://conda.anaconda.org/conda-forge/linux-aarch64/libcrc32c-1.1.2-h01db608_0.tar.bz2#268ee639c17ada0002fb04dd21816cc2
https://conda.anaconda.org/conda-forge/linux-aarch64/libfreetype-2.14.3-h8af1aa0_1.conda#a13e600f9d18488b1fd1257344dbfdaa
https://conda.anaconda.org/conda-forge/linux-aarch64/libglib-2.88.1-h96a7f82_2.conda#16d72f76bf6fead4a29efb2fede0a06b
https://conda.anaconda.org/conda-forge/linux-aarch64/libnghttp2-1.68.1-hd3077d7_0.conda#be5f0f007a4500a226ef001115535a3d
https://conda.anaconda.org/conda-forge/linux-aarch64/libopenblas-0.3.33-pthreads_h9d3fd7e_0.conda#58a66cd95e9692f08abe89f55a6f3f12
https://conda.anaconda.org/conda-forge/linux-aarch64/libprotobuf-6.33.5-h306233d_1.conda#97b7927d982dfc20f8f49ce5174d7466
https://conda.anaconda.org/conda-forge/linux-aarch64/libre2-11-2025.11.05-hc5e897d_1.conda#08f9cbede3e01bc1c51e4dd0267d585f
https://conda.anaconda.org/conda-forge/linux-aarch64/libsqlite-3.53.2-h10b116e_0.conda#aec62a5e5f0892cc4cf80f266f3818ee
https://conda.anaconda.org/conda-forge/linux-aarch64/libthrift-0.22.0-ha522d1d_2.conda#6ecb1ee3cbccd5c3b9ba044e24515153
https://conda.anaconda.org/conda-forge/linux-aarch64/libtiff-4.7.1-hdb009f0_1.conda#8c6fd84f9c87ac00636007c6131e457d
https://conda.anaconda.org/conda-forge/linux-aarch64/libxml2-16-2.15.3-h79dcc73_0.conda#68866231cfe8789e780347f2482df96d
https://conda.anaconda.org/conda-forge/linux-aarch64/xorg-libx11-1.8.13-h63a1b12_0.conda#22dd10425ef181e80e130db50675d615
https://conda.anaconda.org/conda-forge/linux-aarch64/aws-c-event-stream-0.7.1-h70cbb06_2.conda#469ff7442d34751631a5f5bfddd2ef8a
https://conda.anaconda.org/conda-forge/linux-aarch64/aws-c-http-0.11.0-h9bcd1b7_2.conda#7a2cfa541ed40c59f221e03b2e63d7e2
https://conda.anaconda.org/conda-forge/linux-aarch64/fontconfig-2.18.1-hba86a56_0.conda#f4d29a0cd77104a683607319a542ac7e
https://conda.anaconda.org/conda-forge/linux-aarch64/gcc_linux-aarch64-15.2.0-h0bf4bd8_27.conda#619b8a05f89220fa8c9536dcfeeddd5b
https://conda.anaconda.org/conda-forge/linux-aarch64/gfortran_impl_linux-aarch64-15.2.0-h2d9b6d1_19.conda#c8fc81db8eef1e0f76778e8f91ab8ff3
https://conda.anaconda.org/conda-forge/linux-aarch64/gxx_impl_linux-aarch64-15.2.0-h03e2352_19.conda#7214ae8a8aade7b48a2bfd8bbb4d9e79
https://conda.anaconda.org/conda-forge/linux-aarch64/libblas-3.11.0-8_haddc8a3_openblas.conda#8b44dad125760faa2b3925f5a6e3112d
https://conda.anaconda.org/conda-forge/linux-aarch64/libcurl-8.20.0-hc57f145_0.conda#88da514c8db1a7f6a05297941a897af2
https://conda.anaconda.org/conda-forge/linux-aarch64/libxml2-2.15.3-h869d058_0.conda#2cffef27cb2eb9ed1e315a1e269d4335
https://conda.anaconda.org/conda-forge/linux-aarch64/orc-2.3.0-hce1ac79_0.conda#62f1cfadc1aa30f3c0ec5948996bbc6b
https://conda.anaconda.org/conda-forge/linux-aarch64/python-3.14.6-hc679e19_100_cp314.conda#416c74941d13d9f2b9e68b1a900f7f50
https://conda.anaconda.org/conda-forge/linux-aarch64/re2-2025.11.05-he0da282_1.conda#19c3c9412a4a46965c3a057eeefecbef
https://conda.anaconda.org/conda-forge/linux-aarch64/tktable-2.10-h5f05d98_8.conda#40266bd074925af4a396250d222d2188
https://conda.anaconda.org/conda-forge/linux-aarch64/xorg-libxext-1.3.7-he30d5cf_0.conda#fb42b683034619915863d68dd9df03a3
https://conda.anaconda.org/conda-forge/linux-aarch64/xorg-libxrender-0.9.12-h86ecc28_0.conda#ae2c2dd0e2d38d249887727db2af960e
https://conda.anaconda.org/conda-forge/linux-aarch64/xorg-libxt-1.3.1-h57736b2_0.conda#a9e4852c8e0b68ee783e7240030b696f
https://conda.anaconda.org/conda-forge/linux-aarch64/aws-c-auth-0.10.3-h5c394e5_3.conda#ba4cb3df9e4a6013be09a6884070a69f
https://conda.anaconda.org/conda-forge/linux-aarch64/aws-c-mqtt-0.16.0-h3479d1b_0.conda#5d6c352a3ddf21cb58e2afbecd0dfdfc
https://conda.anaconda.org/conda-forge/linux-aarch64/azure-core-cpp-1.16.3-h412bcfc_0.conda#eb4544865559667708a887e635b8f472
https://conda.anaconda.org/conda-forge/linux-aarch64/cairo-1.18.4-h0b6afd8_1.conda#043c13ed3a18396994be9b4fab6572ad
https://conda.anaconda.org/conda-forge/linux-aarch64/curl-8.20.0-hc57f145_0.conda#bf7d70846cc20c1bfdc229784c615103
https://conda.anaconda.org/conda-forge/linux-aarch64/gxx_linux-aarch64-15.2.0-h7e4acf5_27.conda#ea51d6df068bee183ff667f75bfdc2f6
https://conda.anaconda.org/conda-forge/linux-aarch64/libcblas-3.11.0-8_hd72aa62_openblas.conda#76242b7ad6e43809afa8671dd609b4ed
https://conda.anaconda.org/conda-forge/linux-aarch64/libgrpc-1.78.1-heab1e18_0.conda#c8ee69a26fce1cb948e7b8e559649d65
https://conda.anaconda.org/conda-forge/linux-aarch64/liblapack-3.11.0-8_h88aeb00_openblas.conda#3af3f2aa755abc5e91351114ae214f55
https://conda.anaconda.org/conda-forge/noarch/pip-26.1.2-pyh145f28c_0.conda#733cc07ed34162ac50b936464b163366
https://conda.anaconda.org/conda-forge/linux-aarch64/prometheus-cpp-1.3.0-h7938499_0.conda#10f4301290e51c49979ff98d1bdf2556
https://conda.anaconda.org/conda-forge/linux-aarch64/aws-c-s3-0.12.6-hdd40dfe_0.conda#88df147dd58567e2a18eabd84d37f79f
https://conda.anaconda.org/conda-forge/linux-aarch64/azure-identity-cpp-1.13.3-hd0001b6_2.conda#c30d9e466e546970b50fbbcd335b60a0
https://conda.anaconda.org/conda-forge/linux-aarch64/azure-storage-common-cpp-12.14.0-hacd5e5f_1.conda#40cef89c86e33d5d58822827bd9e82a6
https://conda.anaconda.org/conda-forge/linux-aarch64/gsl-2.7-h294027d_0.tar.bz2#8b9533e21be7fa232ab64e85f184e0b3
https://conda.anaconda.org/conda-forge/linux-aarch64/harfbuzz-14.2.1-h1134a53_0.conda#5f3ec279ab7cc391b7dff69dc08298fa
https://conda.anaconda.org/conda-forge/linux-aarch64/libopentelemetry-cpp-1.27.0-hd82aec3_0.conda#6c1fc371b54221b0192bdabf4936afe7
https://conda.anaconda.org/conda-forge/linux-aarch64/aws-crt-cpp-0.40.1-h0495e26_1.conda#ac8f3c5a8e8e549e6ce9f599fb540324
https://conda.anaconda.org/conda-forge/linux-aarch64/azure-storage-blobs-cpp-12.18.0-h2e50874_1.conda#8de9d169d8ab02da10afbd2e2175282e
https://conda.anaconda.org/conda-forge/linux-aarch64/libgoogle-cloud-3.5.0-h235f271_1.conda#a77d18215c61deb67579083a31e639da
https://conda.anaconda.org/conda-forge/linux-aarch64/pango-1.56.4-h8547ced_1.conda#3fc7cc25bba3381e77b753578058e3b0
https://conda.anaconda.org/conda-forge/linux-aarch64/aws-sdk-cpp-1.11.747-h6aa9b71_7.conda#c365d649c7ed12d2877e7160b14bb2e0
https://conda.anaconda.org/conda-forge/linux-aarch64/azure-storage-files-datalake-cpp-12.16.0-hde34f15_1.conda#e8a075a1e6067cc8e59d7e408c284851
https://conda.anaconda.org/conda-forge/linux-aarch64/libgoogle-cloud-storage-3.5.0-h66d5b86_1.conda#ad8594a85c62901651be18963452d511
https://conda.anaconda.org/conda-forge/linux-aarch64/r-base-4.4.3-h269e6ae_11.conda#83318828e95f3c0f06d65423f09b4a96
https://conda.anaconda.org/conda-forge/linux-aarch64/libarrow-24.0.0-h201e15b_7_cuda.conda#e48cbfb58db46576672153689416fa14
https://conda.anaconda.org/conda-forge/noarch/r-assertthat-0.2.1-r44hc72bb7e_6.conda#a9e34b8723a9a38a0fb18746ad30a546
https://conda.anaconda.org/conda-forge/linux-aarch64/r-base64enc-0.1_6-r44h0557e7b_0.conda#b678cdc69171761245d474b3cec8530d
https://conda.anaconda.org/conda-forge/linux-aarch64/r-bit-4.6.0-r44h0557e7b_1.conda#c7ae08f3fbc2e69319a91660ca6d4459
https://conda.anaconda.org/conda-forge/linux-aarch64/r-cli-3.6.6-r44h08b74da_0.conda#2d299e79bf57edd64aa3ad238c48a697
https://conda.anaconda.org/conda-forge/noarch/r-clipr-0.8.1-r44hc72bb7e_0.conda#bdfd9e2af6b3570288c989ae0646d3ca
https://conda.anaconda.org/conda-forge/noarch/r-cpp11-0.5.5-r44h785f33e_0.conda#a7c91479f77c69bc54216d97b918028d
https://conda.anaconda.org/conda-forge/noarch/r-crayon-1.5.3-r44hc72bb7e_2.conda#2b72da5cca65460ba6ac1f81b4ff72cc
https://conda.anaconda.org/conda-forge/noarch/r-dbi-1.3.0-r44hc72bb7e_0.conda#a480527438a80ebea3531cc786e43b10
https://conda.anaconda.org/conda-forge/linux-aarch64/r-digest-0.6.39-r44h08b74da_0.conda#8fb8f80c7baaff925a8259f70a188b77
https://conda.anaconda.org/conda-forge/noarch/r-evaluate-1.0.5-r44hc72bb7e_1.conda#7b03982e4e8e348f02a51e61e6bb9cc2
https://conda.anaconda.org/conda-forge/linux-aarch64/r-fansi-1.0.7-r44h0557e7b_0.conda#f3a48bef3c4c681c8b737d394f48e4d5
https://conda.anaconda.org/conda-forge/linux-aarch64/r-fastmap-1.2.0-r44h08b74da_2.conda#21a8e32d6b12bd24490400736aca6ca6
https://conda.anaconda.org/conda-forge/noarch/r-findpython-1.0.9-r44hc72bb7e_1.conda#46a15cfd4e9d63ec86421b7df8bfd4d6
https://conda.anaconda.org/conda-forge/linux-aarch64/r-fs-2.1.0-r44hd601667_0.conda#914d0ad47c83bd180f0f2a1c426e35a5
https://conda.anaconda.org/conda-forge/noarch/r-generics-0.1.4-r44hc72bb7e_1.conda#a593d8a24e2d841863085e8c5b50b9fa
https://conda.anaconda.org/conda-forge/linux-aarch64/r-glue-1.8.1-r44h0557e7b_0.conda#5111ffa8b8b367e4f85235aa4663c977
https://conda.anaconda.org/conda-forge/linux-aarch64/r-jsonlite-2.0.0-r44h0557e7b_1.conda#c8926e6065b1e677a6ea2d6c28bb360d
https://conda.anaconda.org/conda-forge/linux-aarch64/r-log4r-0.4.4-r44hf488e41_1.conda#35e1f220e16be973a779e44572aab0a0
https://conda.anaconda.org/conda-forge/linux-aarch64/r-magrittr-2.0.5-r44h0557e7b_0.conda#81467fc76700943fe66d7db54bebc8ca
https://conda.anaconda.org/conda-forge/linux-aarch64/r-mime-0.13-r44h0557e7b_1.conda#34f669c7dc0df314600d7f9f2e8e885c
https://conda.anaconda.org/conda-forge/noarch/r-pkgconfig-2.0.3-r44hc72bb7e_5.conda#bdc0f46c7111e1d4f7eb7133374b47b7
https://conda.anaconda.org/conda-forge/noarch/r-r6-2.6.1-r44hc72bb7e_1.conda#a6809636e421b99a22d374a752c1a2d6
https://conda.anaconda.org/conda-forge/linux-aarch64/r-rappdirs-0.3.4-r44h0557e7b_0.conda#aa948e4eeaa1e80c52a12e505f1fc623
https://conda.anaconda.org/conda-forge/linux-aarch64/r-rcpp-1.1.1_1.1-r44h08b74da_0.conda#8a5a2779c286fa720d8fc4b463473e99
https://conda.anaconda.org/conda-forge/linux-aarch64/r-rlang-1.2.0-r44h08b74da_0.conda#bc888494df705e236ec08c7976c1f560
https://conda.anaconda.org/conda-forge/linux-aarch64/r-stringi-1.8.7-r44h1ddd0e6_2.conda#c449b6f03e0025e6faea08ff6d73b465
https://conda.anaconda.org/conda-forge/linux-aarch64/r-utf8-1.2.6-r44h0557e7b_1.conda#94173a95b9e153b03965542b4c990d99
https://conda.anaconda.org/conda-forge/noarch/r-withr-3.0.3-r44hc72bb7e_0.conda#9a8c141f710d08ba084adf5e145672b0
https://conda.anaconda.org/conda-forge/linux-aarch64/r-xfun-0.58-r44hd601667_0.conda#7178bd5dd33b046490ef3c7ab285a20b
https://conda.anaconda.org/conda-forge/linux-aarch64/r-yaml-2.3.12-r44h0557e7b_0.conda#deb1410052779f661f1fd4b255e6978d
https://conda.anaconda.org/conda-forge/linux-aarch64/libarrow-compute-24.0.0-hdd99842_7_cuda.conda#ed860848b757a9feddcf1de121a24796
https://conda.anaconda.org/conda-forge/linux-aarch64/libparquet-24.0.0-h87079af_7_cuda.conda#3cafaac98c517cbb18e20012374e7836
https://conda.anaconda.org/conda-forge/noarch/r-argparse-2.3.1-r44hc72bb7e_0.conda#53b38ec057737379504745d4108a3ac3
https://conda.anaconda.org/conda-forge/linux-aarch64/r-bit64-4.8.2-r44h0557e7b_0.conda#216e63008dfe8bd7d8369b4aa79a518a
https://conda.anaconda.org/conda-forge/linux-aarch64/r-cachem-1.1.0-r44h0557e7b_2.conda#b3eef79a14a9f0dbb87d7685a159a04e
https://conda.anaconda.org/conda-forge/linux-aarch64/r-ellipsis-0.3.3-r44h0557e7b_0.conda#bb8fd6d1e8612537610d16bf330c8746
https://conda.anaconda.org/conda-forge/noarch/r-highr-0.12-r44hc72bb7e_0.conda#b8b0208e9bc8112ebf3f4cd5f6f02655
https://conda.anaconda.org/conda-forge/noarch/r-lifecycle-1.0.5-r44hc72bb7e_0.conda#95dd0aa693924627e51f312be131e942
https://conda.anaconda.org/conda-forge/noarch/r-prettyunits-1.2.0-r44hc72bb7e_2.conda#d0ddc1e17050afcb5f13ecdc1f4aba92
https://conda.anaconda.org/conda-forge/noarch/r-tinytex-0.59-r44hc72bb7e_0.conda#011fa05cdf36b7d5aa0861ee6f2413d7
https://conda.anaconda.org/conda-forge/linux-aarch64/r-tzdb-0.5.0-r44h08b74da_2.conda#ff11f87a389ced61455cc5833cfceff5
https://conda.anaconda.org/tidywf/linux-aarch64/r-ulid-0.4.0-r44h4887e03_0.conda#2345931ccbfd7a17668e954e6bcb8685
https://conda.anaconda.org/conda-forge/linux-aarch64/libarrow-acero-24.0.0-hb326ee9_7_cuda.conda#4e6c35ac98f314026012bfca0feceba6
https://conda.anaconda.org/conda-forge/linux-aarch64/r-htmltools-0.5.9-r44h08b74da_0.conda#bcd10303261ba1b6aabde4de80edbe58
https://conda.anaconda.org/conda-forge/noarch/r-knitr-1.51-r44hc72bb7e_0.conda#eac85b15645e954143a8d382ade0ec8b
https://conda.anaconda.org/conda-forge/noarch/r-memoise-2.0.1-r44hc72bb7e_4.conda#eea36c929b57cf85e2a263ccdf265094
https://conda.anaconda.org/conda-forge/linux-aarch64/r-vctrs-0.7.3-r44h08b74da_0.conda#09076fc337d45948dd225cf29572cf41
https://conda.anaconda.org/conda-forge/linux-aarch64/libarrow-dataset-24.0.0-hb326ee9_7_cuda.conda#3e9be6b895814ffc489d427963b33e3c
https://conda.anaconda.org/conda-forge/noarch/r-fontawesome-0.5.3-r44hc72bb7e_1.conda#1f426d1938c22f0f59407b25026ccdc3
https://conda.anaconda.org/conda-forge/noarch/r-hms-1.1.4-r44hc72bb7e_0.conda#6bb21cd6a482d5c9bb068368a018e750
https://conda.anaconda.org/conda-forge/noarch/r-jquerylib-0.1.4-r44hc72bb7e_4.conda#24ba3d3b0b5d5c19fc549cca0b226388
https://conda.anaconda.org/conda-forge/noarch/r-pillar-1.11.1-r44hc72bb7e_0.conda#89635525b35ad6b443343237b65526ae
https://conda.anaconda.org/conda-forge/linux-aarch64/r-purrr-1.2.2-r44h0557e7b_0.conda#6a63b1e05d12ff792a345c38a711b30a
https://conda.anaconda.org/conda-forge/noarch/r-reactr-0.6.1-r44hc72bb7e_1.conda#8f9255dfe9e1e06c7c3893259c3931c2
https://conda.anaconda.org/conda-forge/linux-aarch64/r-sass-0.4.10-r44h08b74da_1.conda#972e43cb88e64ce80bb4de10a06ab35d
https://conda.anaconda.org/conda-forge/noarch/r-stringr-1.6.0-r44h785f33e_0.conda#4186ef1048a6a5e5f55c359eb442093f
https://conda.anaconda.org/conda-forge/noarch/r-tidyselect-1.2.1-r44hc72bb7e_2.conda#d51e16d0d45d1f5a21f74a9562ffd37d
https://conda.anaconda.org/conda-forge/linux-aarch64/libarrow-substrait-24.0.0-hf29bd21_7_cuda.conda#733aaadd8d04dda608607cbb7a49c347
https://conda.anaconda.org/conda-forge/noarch/r-bslib-0.11.0-r44hc72bb7e_0.conda#8a39d55f0ca0c444e1abbb239d182605
https://conda.anaconda.org/conda-forge/noarch/r-progress-1.2.3-r44hc72bb7e_2.conda#a6a93fa6ae11444ea50d897f35db7e5d
https://conda.anaconda.org/conda-forge/linux-aarch64/r-tibble-3.3.1-r44h0557e7b_0.conda#3784d46106a8588cb203413357894004
https://conda.anaconda.org/conda-forge/linux-aarch64/r-arrow-24.0.0-r44he839754_0.conda#090226e8183c728376d438961ae86933
https://conda.anaconda.org/conda-forge/linux-aarch64/r-dplyr-1.2.1-r44h08b74da_0.conda#42e1c7c4b4b0aa40e5921fe6fd128ce5
https://conda.anaconda.org/conda-forge/noarch/r-rmarkdown-2.31-r44hc72bb7e_0.conda#9249652dc813710baedac0a55da54846
https://conda.anaconda.org/conda-forge/linux-aarch64/r-vroom-1.7.1-r44h08b74da_0.conda#e8aca22847e5fc689eaf47883c65d633
https://conda.anaconda.org/conda-forge/noarch/r-htmlwidgets-1.6.4-r44h785f33e_4.conda#6f6e7b8b29a134580d4260a33a97b4af
https://conda.anaconda.org/conda-forge/linux-aarch64/r-readr-2.2.0-r44h08b74da_0.conda#767b34105adc7eb4538ce14313a9d905
https://conda.anaconda.org/conda-forge/linux-aarch64/r-tidyr-1.3.2-r44h08b74da_0.conda#8cc368099423b58d6099650a45a0e15c
https://conda.anaconda.org/conda-forge/noarch/r-reactable-0.4.5-r44hc72bb7e_0.conda#a58d129fdf6c951261413e6384a369a9
https://conda.anaconda.org/tidywf/noarch/r-nemo-0.0.3.9023-h4616a5c_0.conda#523b24e767a5e64a4363fbce7f3145b0
https://conda.anaconda.org/tidywf/noarch/r-tidywigits-0.0.7.9006-h4616a5c_0.conda#aaa1a3241b79eb7090e8b8e649854907
