# Generated by conda-lock.
# platform: linux-64
# input_hash: 2d1a99ce9e4df947ffd08d3f560b752da9167a9b523baec0f3d0005715902e8b
@EXPLICIT
https://conda.anaconda.org/conda-forge/noarch/_r-mutex-1.0.1-anacondar_1.tar.bz2#19f9db5f4f1b7f5ef5f6d67207f25f38
https://conda.anaconda.org/conda-forge/noarch/font-ttf-dejavu-sans-mono-2.37-hab24e00_0.tar.bz2#0c96522c6bdaed4b1566d11387caaf45
https://conda.anaconda.org/conda-forge/noarch/font-ttf-inconsolata-3.000-h77eed37_0.tar.bz2#34893075a5c9e55cdafac56607368fc6
https://conda.anaconda.org/conda-forge/noarch/font-ttf-source-code-pro-2.038-h77eed37_0.tar.bz2#4d59c254e01d9cde7957100457e2d5fb
https://conda.anaconda.org/conda-forge/noarch/font-ttf-ubuntu-0.83-h77eed37_3.conda#49023d73832ef61042f6a237cb2687e7
https://conda.anaconda.org/conda-forge/noarch/kernel-headers_linux-64-4.18.0-he073ed8_9.conda#86d9cba083cd041bfbf242a01a7a1999
https://conda.anaconda.org/conda-forge/linux-64/libopentelemetry-cpp-headers-1.27.0-ha770c72_0.conda#f8dcb0cff8f84f428bf76f1169bf50a7
https://conda.anaconda.org/conda-forge/linux-64/nlohmann_json-3.12.0-h54a6638_1.conda#16c2a0e9c4a166e53632cfca4f68d020
https://conda.anaconda.org/conda-forge/linux-64/pandoc-3.10-ha770c72_0.conda#a4b80dd6e9e0784ba48e6803bef1e17a
https://conda.anaconda.org/conda-forge/noarch/python_abi-3.14-8_cp314.conda#0539938c55b6b1a59b560e843ad864a4
https://conda.anaconda.org/conda-forge/noarch/tzdata-2025c-hc9c84f9_1.conda#ad659d0a2b3e47e38d829aa8cad2d610
https://conda.anaconda.org/conda-forge/noarch/ca-certificates-2026.5.20-hbd8a1cb_0.conda#489b8e97e666c93f68fdb35c3c9b957f
https://conda.anaconda.org/conda-forge/noarch/fonts-conda-forge-1-hc364b38_1.conda#a7970cd949a077b7cb9696379d338681
https://conda.anaconda.org/conda-forge/noarch/libgcc-devel_linux-64-15.2.0-hcc6f6b0_119.conda#683fcb168e1df9a21fa80d5aa2d9330b
https://conda.anaconda.org/conda-forge/linux-64/libgomp-15.2.0-he0feb66_19.conda#faac990cb7aedc7f3a2224f2c9b0c26c
https://conda.anaconda.org/conda-forge/noarch/libstdcxx-devel_linux-64-15.2.0-hd446a21_119.conda#bcfe7eae40158c3e355d2f9d3ed41230
https://conda.anaconda.org/conda-forge/linux-64/libzlib-1.3.2-h25fd6f3_2.conda#d87ff7921124eccd67248aa483c23fec
https://conda.anaconda.org/conda-forge/noarch/sysroot_linux-64-2.28-h4ee821c_9.conda#13dc3adbc692664cd3beabd216434749
https://conda.anaconda.org/conda-forge/linux-64/_openmp_mutex-4.5-20_gnu.conda#a9f577daf3de00bca7c3c76c0ecbd1de
https://conda.anaconda.org/conda-forge/noarch/fonts-conda-ecosystem-1-0.tar.bz2#fee5683a3f04bd15cbd8318b096a27ab
https://conda.anaconda.org/conda-forge/linux-64/zlib-1.3.2-h25fd6f3_2.conda#c2a01a08fc991620a74b32420e97868a
https://conda.anaconda.org/conda-forge/linux-64/zstd-1.5.7-hb78ec9c_6.conda#4a13eeac0b5c8e5b8ab496e6c4ddd829
https://conda.anaconda.org/conda-forge/linux-64/ld_impl_linux-64-2.45.1-default_hbd61a6d_102.conda#18335a698559cdbcd86150a48bf54ba6
https://conda.anaconda.org/conda-forge/linux-64/libgcc-15.2.0-he0feb66_19.conda#57736f29cc2b0ec0b6c2952d3f101b6a
https://conda.anaconda.org/conda-forge/linux-64/aws-c-common-0.13.1-hb03c661_0.conda#f5f0be3aac62d771c3b0cad1d316d8e9
https://conda.anaconda.org/conda-forge/linux-64/binutils_impl_linux-64-2.45.1-default_hfdba357_102.conda#8165352fdce2d2025bf884dc0ee85700
https://conda.anaconda.org/conda-forge/linux-64/bzip2-1.0.8-hda65f42_9.conda#d2ffd7602c02f2b316fd921d39876885
https://conda.anaconda.org/conda-forge/linux-64/c-ares-1.34.6-hb03c661_0.conda#920bb03579f15389b9e512095ad995b7
https://conda.anaconda.org/conda-forge/linux-64/fribidi-1.0.16-hb03c661_0.conda#f9f81ea472684d75b9dd8d0b328cf655
https://conda.anaconda.org/conda-forge/linux-64/keyutils-1.6.3-hb9d3cd8_0.conda#b38117a3c920364aff79f870c984b4a3
https://conda.anaconda.org/conda-forge/linux-64/libbrotlicommon-1.2.0-hb03c661_1.conda#72c8fd1af66bd67bf580645b426513ed
https://conda.anaconda.org/conda-forge/linux-64/libdeflate-1.25-h17f619e_0.conda#6c77a605a7a689d17d4819c0f8ac9a00
https://conda.anaconda.org/conda-forge/linux-64/libexpat-2.8.1-hecca717_0.conda#93764a5ca80616e9c10106cdaec92f74
https://conda.anaconda.org/conda-forge/linux-64/libffi-3.5.2-h3435931_0.conda#a360c33a5abe61c07959e449fa1453eb
https://conda.anaconda.org/conda-forge/linux-64/libgcc-ng-15.2.0-h69a702a_19.conda#331ee9b72b9dff570d56b1302c5ab37d
https://conda.anaconda.org/conda-forge/linux-64/libgfortran5-15.2.0-h68bc16d_19.conda#85072b0ad177c966294f129b7c04a2d5
https://conda.anaconda.org/conda-forge/linux-64/libiconv-1.18-h3b78370_2.conda#915f5995e94f60e9a4826e0b0920ee88
https://conda.anaconda.org/conda-forge/linux-64/libjpeg-turbo-3.1.4.1-hb03c661_0.conda#6178c6f2fb254558238ef4e6c56fb782
https://conda.anaconda.org/conda-forge/linux-64/liblzma-5.8.3-hb03c661_0.conda#b88d90cad08e6bc8ad540cb310a761fb
https://conda.anaconda.org/conda-forge/linux-64/libmpdec-4.0.0-hb03c661_1.conda#2c21e66f50753a083cbe6b80f38268fa
https://conda.anaconda.org/conda-forge/linux-64/libpng-1.6.58-h421ea60_0.conda#eba48a68a1a2b9d3c0d9511548db85db
https://conda.anaconda.org/conda-forge/linux-64/libsqlite-3.53.2-h0c1763c_0.conda#062b0ac602fb0adf250e3dfa86f221c4
https://conda.anaconda.org/conda-forge/linux-64/libstdcxx-15.2.0-h934c35e_19.conda#5794b3bdc38177caf969dabd3af08549
https://conda.anaconda.org/conda-forge/linux-64/libutf8proc-2.11.3-hfe17d71_0.conda#1247168fe4a0b8912e3336bccdbf98a5
https://conda.anaconda.org/conda-forge/linux-64/libuuid-2.42.1-h5347b49_0.conda#7d0a66598195ef00b6efc55aefc7453b
https://conda.anaconda.org/conda-forge/linux-64/libuv-1.52.1-h280c20c_0.conda#4e33d49bf4fc853855a3b00643aa5484
https://conda.anaconda.org/conda-forge/linux-64/libwebp-base-1.6.0-hd42ef1d_0.conda#aea31d2e5b1091feca96fcfe945c3cf9
https://conda.anaconda.org/conda-forge/linux-64/make-4.4.1-hb9d3cd8_2.conda#33405d2a66b1411db9f7242c8b97c9e7
https://conda.anaconda.org/conda-forge/linux-64/ncurses-6.6-hdb14827_0.conda#fc21868a1a5aacc937e7a18747acb8a5
https://conda.anaconda.org/conda-forge/linux-64/openssl-3.6.2-h35e630c_0.conda#da1b85b6a87e141f5140bb9924cecab0
https://conda.anaconda.org/conda-forge/linux-64/pthread-stubs-0.4-hb9d3cd8_1002.conda#b3c17d95b5a10c6e64a21fa17573e70e
https://conda.anaconda.org/conda-forge/linux-64/sed-4.10-h19d0853_0.conda#e4a1ff2e59a5d9b38be71d15c93cf1bd
https://conda.anaconda.org/conda-forge/linux-64/tk-8.6.13-noxft_h366c992_103.conda#cffd3bdd58090148f4cfcd831f4b26ab
https://conda.anaconda.org/conda-forge/linux-64/xorg-libice-1.1.2-hb9d3cd8_0.conda#fb901ff28063514abb6046c9ec2c4a45
https://conda.anaconda.org/conda-forge/linux-64/xorg-libxau-1.0.12-hb03c661_1.conda#b2895afaf55bf96a8c8282a2e47a5de0
https://conda.anaconda.org/conda-forge/linux-64/xorg-libxdmcp-1.1.5-hb03c661_1.conda#1dafce8548e38671bea82e3f5c6ce22f
https://conda.anaconda.org/conda-forge/linux-64/aws-c-cal-0.9.14-h8e43964_1.conda#eb6e8fb306b4025bf9c68b6c16db4e19
https://conda.anaconda.org/conda-forge/linux-64/aws-c-compression-0.3.2-h16e98cb_1.conda#673828462eb87b76c178b582b6e19824
https://conda.anaconda.org/conda-forge/linux-64/aws-c-sdkutils-0.2.4-h16e98cb_5.conda#a81045d3ce07a74751541de2bad6fa49
https://conda.anaconda.org/conda-forge/linux-64/aws-checksums-0.2.10-h16e98cb_1.conda#8d963dc4805936cc294348743201d68e
https://conda.anaconda.org/conda-forge/linux-64/bwidget-1.10.1-ha770c72_1.conda#983b92277d78c0d0ec498e460caa0e6d
https://conda.anaconda.org/conda-forge/linux-64/gflags-2.2.2-h5888daf_1005.conda#d411fc29e338efb48c5fd4576d71d881
https://conda.anaconda.org/conda-forge/linux-64/graphite2-1.3.15-hecca717_0.conda#cf09e9fc938518e91d0706572cadf17a
https://conda.anaconda.org/conda-forge/linux-64/icu-78.3-h33c6efd_0.conda#c80d8a3b84358cb967fa81e7075fbc8a
https://conda.anaconda.org/conda-forge/linux-64/lerc-4.1.0-hdb68285_0.conda#a752488c68f2e7c456bcbd8f16eec275
https://conda.anaconda.org/conda-forge/linux-64/libabseil-20260107.1-cxx17_h7b12aa8_0.conda#6f7b4302263347698fd24565fbf11310
https://conda.anaconda.org/conda-forge/linux-64/libbrotlidec-1.2.0-hb03c661_1.conda#366b40a69f0ad6072561c1d09301c886
https://conda.anaconda.org/conda-forge/linux-64/libbrotlienc-1.2.0-hb03c661_1.conda#4ffbb341c8b616aa2494b6afb26a0c5f
https://conda.anaconda.org/conda-forge/linux-64/libedit-3.1.20250104-pl5321h7949ede_0.conda#c277e0a4d549b03ac1e9d6cbbe3d017b
https://conda.anaconda.org/conda-forge/linux-64/libev-4.33-hd590300_2.conda#172bf1cd1ff8629f2b1179945ed45055
https://conda.anaconda.org/conda-forge/linux-64/libevent-2.1.12-hf998b51_1.conda#a1cfcc585f0c42bf8d5546bb1dfb668d
https://conda.anaconda.org/conda-forge/linux-64/libfreetype6-2.14.3-h73754d4_0.conda#fb16b4b69e3f1dcfe79d80db8fd0c55d
https://conda.anaconda.org/conda-forge/linux-64/libgfortran-15.2.0-h69a702a_19.conda#42bf7eca1a951735fa06c0e3c0d5c8e6
https://conda.anaconda.org/conda-forge/linux-64/libsanitizer-15.2.0-h90f66d4_19.conda#67eef12ce33f7ff99900c212d7076fc2
https://conda.anaconda.org/conda-forge/linux-64/libssh2-1.11.1-hcf80075_0.conda#eecce068c7e4eddeb169591baac20ac4
https://conda.anaconda.org/conda-forge/linux-64/libstdcxx-ng-15.2.0-hdf11a46_19.conda#e5ce228e579726c07255dbf90dc62101
https://conda.anaconda.org/conda-forge/linux-64/libxcb-1.17.0-h8a09558_0.conda#92ed62436b625154323d40d5f2f11dd7
https://conda.anaconda.org/conda-forge/linux-64/lz4-c-1.10.0-h5888daf_1.conda#9de5350a85c4a20c685259b889aa6393
https://conda.anaconda.org/conda-forge/linux-64/pcre2-10.47-haa7fec5_0.conda#7a3bff861a6583f1889021facefc08b1
https://conda.anaconda.org/conda-forge/linux-64/pixman-0.46.4-h54a6638_1.conda#c01af13bdc553d1a8fbfff6e8db075f0
https://conda.anaconda.org/conda-forge/linux-64/readline-8.3-h853b02a_0.conda#d7d95fc8287ea7bf33e0e7116d2b95ec
https://conda.anaconda.org/conda-forge/linux-64/s2n-1.7.3-hc5a330e_0.conda#f2bd09e21c5844a12e2f5eefcd075555
https://conda.anaconda.org/conda-forge/linux-64/snappy-1.2.2-h03e3b7b_1.conda#98b6c9dc80eb87b2519b97bcf7e578dd
https://conda.anaconda.org/conda-forge/linux-64/xorg-libsm-1.2.6-he73a12e_0.conda#1c74ff8c35dcadf952a16f752ca5aa49
https://conda.anaconda.org/conda-forge/linux-64/aws-c-io-0.26.3-h955231c_3.conda#a3581835895ca9b7782beb5a49746db7
https://conda.anaconda.org/conda-forge/linux-64/gcc_impl_linux-64-15.2.0-he0086c7_19.conda#e3be72048d3c4a78b8e27ec48ba06252
https://conda.anaconda.org/conda-forge/linux-64/glog-0.7.1-hbabe93e_0.conda#ff862eebdfeb2fd048ae9dc92510baca
https://conda.anaconda.org/conda-forge/linux-64/krb5-1.22.2-ha1258a1_0.conda#fb53fb07ce46a575c5d004bbc96032c2
https://conda.anaconda.org/conda-forge/linux-64/libcrc32c-1.1.2-h9c3ff4c_0.tar.bz2#c965a5aa0d5c1c37ffc62dff36e28400
https://conda.anaconda.org/conda-forge/linux-64/libfreetype-2.14.3-ha770c72_0.conda#e289f3d17880e44b633ba911d57a321b
https://conda.anaconda.org/conda-forge/linux-64/libgfortran-ng-15.2.0-h69a702a_19.conda#35d07243abf828674d273aecd1dd537e
https://conda.anaconda.org/conda-forge/linux-64/libglib-2.88.1-h0d30a3d_2.conda#17d484ab9c8179c6a6e5b7dbb5065afc
https://conda.anaconda.org/conda-forge/linux-64/libnghttp2-1.68.1-h877daf1_0.conda#2a45e7f8af083626f009645a6481f12d
https://conda.anaconda.org/conda-forge/linux-64/libopenblas-0.3.33-pthreads_h94d23a6_0.conda#2d3278b721e40468295ca755c3b84070
https://conda.anaconda.org/conda-forge/linux-64/libprotobuf-6.33.5-h6eeba95_1.conda#7a4b11f3dd7374f1991a4088390d07c1
https://conda.anaconda.org/conda-forge/linux-64/libre2-11-2025.11.05-h0dc7533_1.conda#ced7f10b6cfb4389385556f47c0ad949
https://conda.anaconda.org/conda-forge/linux-64/libthrift-0.22.0-h7d032f7_2.conda#b6e326fbe1e3948da50ec29cee0380db
https://conda.anaconda.org/conda-forge/linux-64/libtiff-4.7.1-h9d88235_1.conda#cd5a90476766d53e901500df9215e927
https://conda.anaconda.org/conda-forge/linux-64/libxml2-16-2.15.3-hca6bf5a_0.conda#e79d2c2f24b027aa8d5ab1b1ba3061e7
https://conda.anaconda.org/conda-forge/linux-64/python-3.14.5-habeac84_100_cp314.conda#da92e59ff92f2d5ede4f612af20f583f
https://conda.anaconda.org/conda-forge/linux-64/xorg-libx11-1.8.13-he1eb515_0.conda#861fb6ccbc677bb9a9fb2468430b9c6a
https://conda.anaconda.org/conda-forge/linux-64/aws-c-event-stream-0.7.1-h9be7a74_1.conda#5b4af1a370dd1b019401cb564464c798
https://conda.anaconda.org/conda-forge/linux-64/aws-c-http-0.11.0-hcbcd92d_1.conda#333fa38d6dfe23cd68c67e20cb1726c9
https://conda.anaconda.org/conda-forge/linux-64/fontconfig-2.18.1-h27c8c51_0.conda#e0e050cfa9fa85fe39632ab11cb7f3e0
https://conda.anaconda.org/conda-forge/linux-64/gfortran_impl_linux-64-15.2.0-h281d09f_19.conda#5d4fdb7935b8aa1cdb2e22ef8958101e
https://conda.anaconda.org/conda-forge/linux-64/gxx_impl_linux-64-15.2.0-hda75c37_19.conda#9d41f3899b512199af0a4bb939b83e21
https://conda.anaconda.org/conda-forge/linux-64/libblas-3.11.0-8_h4a7cf45_openblas.conda#00fc660ab1b2f5ca07e92b4900d10c79
https://conda.anaconda.org/conda-forge/linux-64/libcurl-8.20.0-hcf29cc6_0.conda#c3cc2864f82a944bc90a7beb4d3b0e88
https://conda.anaconda.org/conda-forge/linux-64/libxml2-2.15.3-h49c6c72_0.conda#995d8c8bad2a3cc8db14675a153dec2b
https://conda.anaconda.org/conda-forge/linux-64/orc-2.3.0-h21090e2_0.conda#8027fce94fdfdf2e54f9d18cbae496df
https://conda.anaconda.org/conda-forge/noarch/pip-26.1.2-pyh145f28c_0.conda#733cc07ed34162ac50b936464b163366
https://conda.anaconda.org/conda-forge/linux-64/re2-2025.11.05-h5301d42_1.conda#66a715bc01c77d43aca1f9fcb13dde3c
https://conda.anaconda.org/conda-forge/linux-64/tktable-2.10-h5a7a40f_8.conda#72628f56d7a99b86efa435a0b97a4b47
https://conda.anaconda.org/conda-forge/linux-64/xorg-libxext-1.3.7-hb03c661_0.conda#34e54f03dfea3e7a2dcf1453a85f1085
https://conda.anaconda.org/conda-forge/linux-64/xorg-libxrender-0.9.12-hb9d3cd8_0.conda#96d57aba173e878a2089d5638016dc5e
https://conda.anaconda.org/conda-forge/linux-64/xorg-libxt-1.3.1-hb9d3cd8_0.conda#279b0de5f6ba95457190a1c459a64e31
https://conda.anaconda.org/conda-forge/linux-64/aws-c-auth-0.10.3-h3aafcba_1.conda#54f62a10a7dcc7e46b149e2d078299b5
https://conda.anaconda.org/conda-forge/linux-64/aws-c-mqtt-0.15.2-h8af55cf_3.conda#0d8ce37a3bacaf77cd39a24be76294a4
https://conda.anaconda.org/conda-forge/linux-64/azure-core-cpp-1.16.2-h206d751_0.conda#5492abf806c45298ae642831c670bba0
https://conda.anaconda.org/conda-forge/linux-64/cairo-1.18.4-he90730b_1.conda#bb6c4808bfa69d6f7f6b07e5846ced37
https://conda.anaconda.org/conda-forge/linux-64/curl-8.20.0-hcf29cc6_0.conda#cc1a446bff91be88b2fa1d629e4f348b
https://conda.anaconda.org/conda-forge/linux-64/libcblas-3.11.0-8_h0358290_openblas.conda#33a413f1095f8325e5c30fde3b0d2445
https://conda.anaconda.org/conda-forge/linux-64/libgrpc-1.78.1-h1d1128b_0.conda#b5fb6d6c83f63d83ef2721dca6ff7091
https://conda.anaconda.org/conda-forge/linux-64/liblapack-3.11.0-8_h47877c9_openblas.conda#809be8ba8712c77bc7d44c2d99390dc4
https://conda.anaconda.org/conda-forge/linux-64/prometheus-cpp-1.3.0-ha5d0236_0.conda#a83f6a2fdc079e643237887a37460668
https://conda.anaconda.org/conda-forge/linux-64/aws-c-s3-0.12.3-h00bea6e_2.conda#50e10d41568788c0db809ab0332bc31c
https://conda.anaconda.org/conda-forge/linux-64/azure-identity-cpp-1.13.3-hed0cdb0_1.conda#68bfb556bdf56d56e9f38da696e752ca
https://conda.anaconda.org/conda-forge/linux-64/azure-storage-common-cpp-12.13.0-ha7a2c86_0.conda#a7e8cca395e0a1616b389749580b7804
https://conda.anaconda.org/conda-forge/linux-64/gsl-2.7-he838d99_0.tar.bz2#fec079ba39c9cca093bf4c00001825de
https://conda.anaconda.org/conda-forge/linux-64/harfbuzz-14.2.1-h6083320_0.conda#21ee4640b7c2d94e584349fa12b29b9a
https://conda.anaconda.org/conda-forge/linux-64/libopentelemetry-cpp-1.27.0-h9692893_0.conda#2a44700a9857b49a3fe72aca643d0921
https://conda.anaconda.org/conda-forge/linux-64/aws-crt-cpp-0.38.3-h7b0d4b4_2.conda#64649eb34dfec9e84f076f5b5bd8e46f
https://conda.anaconda.org/conda-forge/linux-64/azure-storage-blobs-cpp-12.17.0-hf824e48_1.conda#7fffabaef945a7d1794dfe884cc71d2f
https://conda.anaconda.org/conda-forge/linux-64/libgoogle-cloud-3.5.0-h8d2ee43_1.conda#8ae0593085ca8148fdbf0bc8f62e79c1
https://conda.anaconda.org/conda-forge/linux-64/pango-1.56.4-hda50119_1.conda#d53ffc0edc8eabf4253508008493c5bc
https://conda.anaconda.org/conda-forge/linux-64/aws-sdk-cpp-1.11.747-h5a171d8_5.conda#99d5c86766fda2e5da95b9a9e07ad467
https://conda.anaconda.org/conda-forge/linux-64/azure-storage-files-datalake-cpp-12.15.0-h1e5b466_0.conda#c9186aa979528963657db3e63c25e987
https://conda.anaconda.org/conda-forge/linux-64/libgoogle-cloud-storage-3.5.0-hdbdcf42_1.conda#6f79d5f72cfcdd3509112233a8aedc2e
https://conda.anaconda.org/conda-forge/linux-64/r-base-4.4.3-h15dba0b_9.conda#4a385786dcfd15bc9c408dd38a57694e
https://conda.anaconda.org/conda-forge/linux-64/libarrow-24.0.0-h61d77b5_4_cpu.conda#c2a19336927f2f71d5bcb2595763570f
https://conda.anaconda.org/conda-forge/noarch/r-assertthat-0.2.1-r44hc72bb7e_6.conda#a9e34b8723a9a38a0fb18746ad30a546
https://conda.anaconda.org/conda-forge/linux-64/r-base64enc-0.1_6-r44h54b55ab_0.conda#ab87845469cfada7bae36f17b3dd9681
https://conda.anaconda.org/conda-forge/linux-64/r-bit-4.6.0-r44h54b55ab_1.conda#4e905067722f1416de735a3d6b33825c
https://conda.anaconda.org/conda-forge/linux-64/r-cli-3.6.6-r44h3697838_0.conda#13cca7c3f7d182bf222f3c70303c91be
https://conda.anaconda.org/conda-forge/noarch/r-clipr-0.8.1-r44hc72bb7e_0.conda#bdfd9e2af6b3570288c989ae0646d3ca
https://conda.anaconda.org/conda-forge/noarch/r-cpp11-0.5.5-r44h785f33e_0.conda#a7c91479f77c69bc54216d97b918028d
https://conda.anaconda.org/conda-forge/noarch/r-crayon-1.5.3-r44hc72bb7e_2.conda#2b72da5cca65460ba6ac1f81b4ff72cc
https://conda.anaconda.org/conda-forge/noarch/r-dbi-1.3.0-r44hc72bb7e_0.conda#a480527438a80ebea3531cc786e43b10
https://conda.anaconda.org/conda-forge/linux-64/r-digest-0.6.39-r44h3697838_0.conda#c09d9af7929f64611137e83de28db915
https://conda.anaconda.org/conda-forge/noarch/r-evaluate-1.0.5-r44hc72bb7e_1.conda#7b03982e4e8e348f02a51e61e6bb9cc2
https://conda.anaconda.org/conda-forge/linux-64/r-fansi-1.0.7-r44h54b55ab_0.conda#cb8edd5978ccf005e53ae370ae1b15d0
https://conda.anaconda.org/conda-forge/linux-64/r-fastmap-1.2.0-r44h3697838_2.conda#734e73555e5c0962c40c89e6aa7cf1a8
https://conda.anaconda.org/conda-forge/noarch/r-findpython-1.0.9-r44hc72bb7e_1.conda#46a15cfd4e9d63ec86421b7df8bfd4d6
https://conda.anaconda.org/conda-forge/linux-64/r-fs-2.1.0-r44h3697838_0.conda#36e7df839c01c17b2c3dbf79147f70de
https://conda.anaconda.org/conda-forge/noarch/r-generics-0.1.4-r44hc72bb7e_1.conda#a593d8a24e2d841863085e8c5b50b9fa
https://conda.anaconda.org/conda-forge/linux-64/r-glue-1.8.1-r44h54b55ab_0.conda#b89f52d1c0cab3a259ef35834eb0a0d9
https://conda.anaconda.org/conda-forge/linux-64/r-jsonlite-2.0.0-r44h54b55ab_1.conda#26de9e385370e6bf7d0ca13a3e630d7f
https://conda.anaconda.org/conda-forge/linux-64/r-log4r-0.4.4-r44h54b55ab_1.conda#5f9a84b0409d08cd8038de690a002739
https://conda.anaconda.org/conda-forge/linux-64/r-magrittr-2.0.5-r44h54b55ab_0.conda#6ff0837b78eb1c0d443eab95c7255089
https://conda.anaconda.org/conda-forge/linux-64/r-mime-0.13-r44h54b55ab_1.conda#d8865c99150c4b51a50292a3c5bc52dd
https://conda.anaconda.org/conda-forge/noarch/r-pkgconfig-2.0.3-r44hc72bb7e_5.conda#bdc0f46c7111e1d4f7eb7133374b47b7
https://conda.anaconda.org/conda-forge/noarch/r-r6-2.6.1-r44hc72bb7e_1.conda#a6809636e421b99a22d374a752c1a2d6
https://conda.anaconda.org/conda-forge/linux-64/r-rappdirs-0.3.4-r44h54b55ab_0.conda#8943834285f6f65c857c9f3bf020afed
https://conda.anaconda.org/conda-forge/linux-64/r-rcpp-1.1.1_1.1-r44h3697838_0.conda#022b6d161815bd672368f5fc75175b75
https://conda.anaconda.org/conda-forge/linux-64/r-rlang-1.2.0-r44h3697838_0.conda#9790e1f5faafdd83f41d2b0562093322
https://conda.anaconda.org/conda-forge/linux-64/r-stringi-1.8.7-r44h3d52c89_2.conda#716a7c37c2e2b12b4f844d986c55aee3
https://conda.anaconda.org/conda-forge/linux-64/r-utf8-1.2.6-r44h54b55ab_1.conda#c7bce6987e0f5aaf9bdf5296dd3693c4
https://conda.anaconda.org/conda-forge/noarch/r-withr-3.0.2-r44hc72bb7e_1.conda#0fdd8ccde2641093c651e2b6a25d85e1
https://conda.anaconda.org/conda-forge/linux-64/r-xfun-0.57-r44h3697838_0.conda#fdaaee96389d978ddc44c53928d9b175
https://conda.anaconda.org/conda-forge/linux-64/r-yaml-2.3.12-r44h54b55ab_0.conda#27e45fcad46b1607f16e8d5f2655a370
https://conda.anaconda.org/conda-forge/linux-64/libarrow-compute-24.0.0-h53684a4_4_cpu.conda#13bfaeed82ec00db74d7c572f74a764e
https://conda.anaconda.org/conda-forge/linux-64/libparquet-24.0.0-h7376487_4_cpu.conda#23241be5fa629596b636da08cd6dad36
https://conda.anaconda.org/conda-forge/noarch/r-argparse-2.3.1-r44hc72bb7e_0.conda#53b38ec057737379504745d4108a3ac3
https://conda.anaconda.org/conda-forge/linux-64/r-bit64-4.8.2-r44h54b55ab_0.conda#9a2ed8a90ecd638b77e73b65a09aa305
https://conda.anaconda.org/conda-forge/linux-64/r-cachem-1.1.0-r44h54b55ab_2.conda#9e798e9474af81b679133429db82de66
https://conda.anaconda.org/conda-forge/linux-64/r-ellipsis-0.3.3-r44h54b55ab_0.conda#309df67a7a2f04427edfed0c88732fd4
https://conda.anaconda.org/conda-forge/noarch/r-highr-0.12-r44hc72bb7e_0.conda#b8b0208e9bc8112ebf3f4cd5f6f02655
https://conda.anaconda.org/conda-forge/noarch/r-lifecycle-1.0.5-r44hc72bb7e_0.conda#95dd0aa693924627e51f312be131e942
https://conda.anaconda.org/conda-forge/noarch/r-prettyunits-1.2.0-r44hc72bb7e_2.conda#d0ddc1e17050afcb5f13ecdc1f4aba92
https://conda.anaconda.org/conda-forge/noarch/r-tinytex-0.59-r44hc72bb7e_0.conda#011fa05cdf36b7d5aa0861ee6f2413d7
https://conda.anaconda.org/conda-forge/linux-64/r-tzdb-0.5.0-r44h3697838_2.conda#22de54c4ce316337baf45289e63ab601
https://conda.anaconda.org/tidywf/linux-64/r-ulid-0.4.0-r44hbad8821_0.tar.bz2#9e623225f2264e8b6d34a42a8ace443d
https://conda.anaconda.org/conda-forge/linux-64/libarrow-acero-24.0.0-h635bf11_4_cpu.conda#a6f646940380202ef87d993bf89e962e
https://conda.anaconda.org/conda-forge/linux-64/r-htmltools-0.5.9-r44h3697838_0.conda#fe46047f03af99174b444665dc12bcee
https://conda.anaconda.org/conda-forge/noarch/r-knitr-1.51-r44hc72bb7e_0.conda#eac85b15645e954143a8d382ade0ec8b
https://conda.anaconda.org/conda-forge/noarch/r-memoise-2.0.1-r44hc72bb7e_4.conda#eea36c929b57cf85e2a263ccdf265094
https://conda.anaconda.org/conda-forge/linux-64/r-vctrs-0.7.3-r44h3697838_0.conda#77dedc64b9fe9f8452c57b503d231f96
https://conda.anaconda.org/conda-forge/linux-64/libarrow-dataset-24.0.0-h635bf11_4_cpu.conda#f2967ca32516e23a72440810b3e1dd76
https://conda.anaconda.org/conda-forge/noarch/r-fontawesome-0.5.3-r44hc72bb7e_1.conda#1f426d1938c22f0f59407b25026ccdc3
https://conda.anaconda.org/conda-forge/noarch/r-hms-1.1.4-r44hc72bb7e_0.conda#6bb21cd6a482d5c9bb068368a018e750
https://conda.anaconda.org/conda-forge/noarch/r-jquerylib-0.1.4-r44hc72bb7e_4.conda#24ba3d3b0b5d5c19fc549cca0b226388
https://conda.anaconda.org/conda-forge/noarch/r-pillar-1.11.1-r44hc72bb7e_0.conda#89635525b35ad6b443343237b65526ae
https://conda.anaconda.org/conda-forge/linux-64/r-purrr-1.2.2-r44h54b55ab_0.conda#bb8a0c5371d5881cbfac7fd503c907ba
https://conda.anaconda.org/conda-forge/noarch/r-reactr-0.6.1-r44hc72bb7e_1.conda#8f9255dfe9e1e06c7c3893259c3931c2
https://conda.anaconda.org/conda-forge/linux-64/r-sass-0.4.10-r44h3697838_1.conda#523ee1e398b97b5369e9f457c6fabf45
https://conda.anaconda.org/conda-forge/noarch/r-stringr-1.6.0-r44h785f33e_0.conda#4186ef1048a6a5e5f55c359eb442093f
https://conda.anaconda.org/conda-forge/noarch/r-tidyselect-1.2.1-r44hc72bb7e_2.conda#d51e16d0d45d1f5a21f74a9562ffd37d
https://conda.anaconda.org/conda-forge/linux-64/libarrow-substrait-24.0.0-hb4dd7c2_4_cpu.conda#2f9e43dfc44fe5a7bd7d512519db0e5f
https://conda.anaconda.org/conda-forge/noarch/r-bslib-0.11.0-r44hc72bb7e_0.conda#8a39d55f0ca0c444e1abbb239d182605
https://conda.anaconda.org/conda-forge/noarch/r-progress-1.2.3-r44hc72bb7e_2.conda#a6a93fa6ae11444ea50d897f35db7e5d
https://conda.anaconda.org/conda-forge/linux-64/r-tibble-3.3.1-r44h54b55ab_0.conda#4896d527628b3637c7e5bd2132a4c6a1
https://conda.anaconda.org/conda-forge/linux-64/r-arrow-24.0.0-r44hecca717_0.conda#3f460adbd07c0f3f39ae1efa35d623f7
https://conda.anaconda.org/conda-forge/linux-64/r-dplyr-1.2.1-r44h3697838_0.conda#e6bf69914670ac1931dcff0372516c50
https://conda.anaconda.org/conda-forge/noarch/r-rmarkdown-2.31-r44hc72bb7e_0.conda#9249652dc813710baedac0a55da54846
https://conda.anaconda.org/conda-forge/linux-64/r-vroom-1.7.1-r44h3697838_0.conda#39e33cbc8478e7b0868b821d8b7b0cbe
https://conda.anaconda.org/conda-forge/noarch/r-htmlwidgets-1.6.4-r44h785f33e_4.conda#6f6e7b8b29a134580d4260a33a97b4af
https://conda.anaconda.org/conda-forge/linux-64/r-readr-2.2.0-r44h3697838_0.conda#4c35df23b810271b5aa0283176d625b1
https://conda.anaconda.org/conda-forge/linux-64/r-tidyr-1.3.2-r44h3697838_0.conda#9f09baf88d34df98009c4d1d2ffa0b0f
https://conda.anaconda.org/conda-forge/noarch/r-reactable-0.4.5-r44hc72bb7e_0.conda#a58d129fdf6c951261413e6384a369a9
https://conda.anaconda.org/tidywf/label/dev/noarch/r-nemo-0.0.3.9022-h4616a5c_0.conda#107bc5b1632fbb4e14285ca1d6981e09
https://conda.anaconda.org/tidywf/label/dev/noarch/r-tidywigits-0.0.7.9005-h4616a5c_0.conda#00d77bac352cc9f2505923cb432c5c04
